
Microsoft Visual Studio Solution File, Format Version 12.00
# Visual Studio Version 17
VisualStudioVersion = 17.5.002.0
MinimumVisualStudioVersion = 10.0.40219.1
Project("{2150E333-8FDC-42A3-9474-1A3956D46DE8}") = "Files", "Files", "{112D2745-C798-41C1-B617-70E89860A2EE}"
EndProject
Project("{9A19103F-16F7-4668-BE54-9A1E7A4F7556}") = "CreateFiles", "Files\CreateFiles\CreateFiles.csproj", "{2F9586E8-97FE-4409-B165-C44EF9C62663}"
EndProject
Project("{9A19103F-16F7-4668-BE54-9A1E7A4F7556}") = "Directories", "Files\Directories\Directories.csproj", "{5961EB73-5685-4836-A2A7-D6544219F25B}"
EndProject
Project("{9A19103F-16F7-4668-BE54-9A1E7A4F7556}") = "FileInfo", "Files\FileInfo\FileInfo.csproj", "{43AAFBA2-4871-4405-A006-E965F3079BC1}"
EndProject
Project("{9A19103F-16F7-4668-BE54-9A1E7A4F7556}") = "ReadWriteFiles", "Files\ReadWriteFiles\ReadWriteFiles.csproj", "{0D522845-CE16-4AFD-86FD-D2F084886146}"
EndProject
Project("{2150E333-8FDC-42A3-9474-1A3956D46DE8}") = "NumbersDates", "NumbersDates", "{9956A51F-89FE-484F-ABE4-F0B0874CDF72}"
EndProject
Project("{9A19103F-16F7-4668-BE54-9A1E7A4F7556}") = "DateTimeClass", "NumbersDates\DateTimeClass\DateTimeClass.csproj", "{8E8B931E-87DC-485A-9364-679763E19904}"
EndProject
Project("{9A19103F-16F7-4668-BE54-9A1E7A4F7556}") = "FormatDates", "NumbersDates\FormatDates\FormatDates.csproj", "{83721235-9C23-49D6-9B60-0CDF3EE50905}"
EndProject
Project("{9A19103F-16F7-4668-BE54-9A1E7A4F7556}") = "FormatNumbers", "NumbersDates\FormatNumbers\FormatNumbers.csproj", "{945C392F-1EA9-4CD6-8471-11D9BC92F710}"
EndProject
Project("{9A19103F-16F7-4668-BE54-9A1E7A4F7556}") = "ParseDates", "NumbersDates\ParseDates\ParseDates.csproj", "{63968A23-2E2B-41CC-8188-06C446C5B802}"
EndProject
Project("{9A19103F-16F7-4668-BE54-9A1E7A4F7556}") = "ParseNumbers", "NumbersDates\ParseNumbers\ParseNumbers.csproj", "{BCF6B3D0-3C4F-43FC-94BE-AE977C5810A5}"
EndProject
Project("{2150E333-8FDC-42A3-9474-1A3956D46DE8}") = "Overview", "Overview", "{3C3FEE21-4053-46A1-9C9F-2EC0EA8B8478}"
EndProject
Project("{9A19103F-16F7-4668-BE54-9A1E7A4F7556}") = "DataTypes", "Overview\DataTypes\DataTypes.csproj", "{91294805-AFDC-48BD-ACF5-8935B8289231}"
EndProject
Project("{9A19103F-16F7-4668-BE54-9A1E7A4F7556}") = "GarbageCollect", "Overview\GarbageCollect\GarbageCollect.csproj", "{8519D2FD-0E12-4AC6-9443-B73E17DA3BBE}"
EndProject
Project("{9A19103F-16F7-4668-BE54-9A1E7A4F7556}") = "MyConsoleApp", "Overview\MyConsoleApp\MyConsoleApp.csproj", "{C4160734-9B5F-4333-8F1F-AAE4E64E04A6}"
EndProject
Project("{2150E333-8FDC-42A3-9474-1A3956D46DE8}") = "Regex", "Regex", "{FC89B983-4B40-47C2-888D-9D0505CC84DB}"
EndProject
Project("{9A19103F-16F7-4668-BE54-9A1E7A4F7556}") = "Finding", "Regex\Finding\Finding.csproj", "{C62634E2-4A06-487D-BF13-26E314DEEE30}"
EndProject
Project("{9A19103F-16F7-4668-BE54-9A1E7A4F7556}") = "Replacing", "Regex\Replacing\Replacing.csproj", "{26C29315-6171-4AE4-B573-CEEBABDB6A49}"
EndProject
Project("{9A19103F-16F7-4668-BE54-9A1E7A4F7556}") = "RegexTimeouts", "Regex\Timeouts\RegexTimeouts.csproj", "{3D5787EA-71BD-47F6-99AD-584A51B10CFF}"
EndProject
Project("{2150E333-8FDC-42A3-9474-1A3956D46DE8}") = "Strings", "Strings", "{1FDA8386-1922-484A-9EFB-E434F2E70B67}"
EndProject
Project("{9A19103F-16F7-4668-BE54-9A1E7A4F7556}") = "Formatting", "Strings\Formatting\Formatting.csproj", "{D6E20907-4320-4380-AE68-C7621C5C76F6}"
EndProject
Project("{9A19103F-16F7-4668-BE54-9A1E7A4F7556}") = "Interpolation", "Strings\Interpolation\Interpolation.csproj", "{7BB2B1B3-0A05-4B7F-94B4-E5FD15D55C9D}"
EndProject
Project("{9A19103F-16F7-4668-BE54-9A1E7A4F7556}") = "Manipulation", "Strings\Manipulation\Manipulation.csproj", "{8EC381B1-B929-437F-9C73-3F45494DCA5A}"
EndProject
Project("{9A19103F-16F7-4668-BE54-9A1E7A4F7556}") = "Searching", "Strings\Searching\Searching.csproj", "{CF5EB1E0-A285-4C69-9177-93AF8441D435}"
EndProject
Global
	GlobalSection(SolutionConfigurationPlatforms) = preSolution
		Debug|Any CPU = Debug|Any CPU
		Release|Any CPU = Release|Any CPU
	EndGlobalSection
	GlobalSection(ProjectConfigurationPlatforms) = postSolution
		{2F9586E8-97FE-4409-B165-C44EF9C62663}.Debug|Any CPU.ActiveCfg = Debug|Any CPU
		{2F9586E8-97FE-4409-B165-C44EF9C62663}.Debug|Any CPU.Build.0 = Debug|Any CPU
		{2F9586E8-97FE-4409-B165-C44EF9C62663}.Release|Any CPU.ActiveCfg = Release|Any CPU
		{2F9586E8-97FE-4409-B165-C44EF9C62663}.Release|Any CPU.Build.0 = Release|Any CPU
		{5961EB73-5685-4836-A2A7-D6544219F25B}.Debug|Any CPU.ActiveCfg = Debug|Any CPU
		{5961EB73-5685-4836-A2A7-D6544219F25B}.Debug|Any CPU.Build.0 = Debug|Any CPU
		{5961EB73-5685-4836-A2A7-D6544219F25B}.Release|Any CPU.ActiveCfg = Release|Any CPU
		{5961EB73-5685-4836-A2A7-D6544219F25B}.Release|Any CPU.Build.0 = Release|Any CPU
		{43AAFBA2-4871-4405-A006-E965F3079BC1}.Debug|Any CPU.ActiveCfg = Debug|Any CPU
		{43AAFBA2-4871-4405-A006-E965F3079BC1}.Debug|Any CPU.Build.0 = Debug|Any CPU
		{43AAFBA2-4871-4405-A006-E965F3079BC1}.Release|Any CPU.ActiveCfg = Release|Any CPU
		{43AAFBA2-4871-4405-A006-E965F3079BC1}.Release|Any CPU.Build.0 = Release|Any CPU
		{0D522845-CE16-4AFD-86FD-D2F084886146}.Debug|Any CPU.ActiveCfg = Debug|Any CPU
		{0D522845-CE16-4AFD-86FD-D2F084886146}.Debug|Any CPU.Build.0 = Debug|Any CPU
		{0D522845-CE16-4AFD-86FD-D2F084886146}.Release|Any CPU.ActiveCfg = Release|Any CPU
		{0D522845-CE16-4AFD-86FD-D2F084886146}.Release|Any CPU.Build.0 = Release|Any CPU
		{8E8B931E-87DC-485A-9364-679763E19904}.Debug|Any CPU.ActiveCfg = Debug|Any CPU
		{8E8B931E-87DC-485A-9364-679763E19904}.Debug|Any CPU.Build.0 = Debug|Any CPU
		{8E8B931E-87DC-485A-9364-679763E19904}.Release|Any CPU.ActiveCfg = Release|Any CPU
		{8E8B931E-87DC-485A-9364-679763E19904}.Release|Any CPU.Build.0 = Release|Any CPU
		{83721235-9C23-49D6-9B60-0CDF3EE50905}.Debug|Any CPU.ActiveCfg = Debug|Any CPU
		{83721235-9C23-49D6-9B60-0CDF3EE50905}.Debug|Any CPU.Build.0 = Debug|Any CPU
		{83721235-9C23-49D6-9B60-0CDF3EE50905}.Release|Any CPU.ActiveCfg = Release|Any CPU
		{83721235-9C23-49D6-9B60-0CDF3EE50905}.Release|Any CPU.Build.0 = Release|Any CPU
		{945C392F-1EA9-4CD6-8471-11D9BC92F710}.Debug|Any CPU.ActiveCfg = Debug|Any CPU
		{945C392F-1EA9-4CD6-8471-11D9BC92F710}.Debug|Any CPU.Build.0 = Debug|Any CPU
		{945C392F-1EA9-4CD6-8471-11D9BC92F710}.Release|Any CPU.ActiveCfg = Release|Any CPU
		{945C392F-1EA9-4CD6-8471-11D9BC92F710}.Release|Any CPU.Build.0 = Release|Any CPU
		{63968A23-2E2B-41CC-8188-06C446C5B802}.Debug|Any CPU.ActiveCfg = Debug|Any CPU
		{63968A23-2E2B-41CC-8188-06C446C5B802}.Debug|Any CPU.Build.0 = Debug|Any CPU
		{63968A23-2E2B-41CC-8188-06C446C5B802}.Release|Any CPU.ActiveCfg = Release|Any CPU
		{63968A23-2E2B-41CC-8188-06C446C5B802}.Release|Any CPU.Build.0 = Release|Any CPU
		{BCF6B3D0-3C4F-43FC-94BE-AE977C5810A5}.Debug|Any CPU.ActiveCfg = Debug|Any CPU
		{BCF6B3D0-3C4F-43FC-94BE-AE977C5810A5}.Debug|Any CPU.Build.0 = Debug|Any CPU
		{BCF6B3D0-3C4F-43FC-94BE-AE977C5810A5}.Release|Any CPU.ActiveCfg = Release|Any CPU
		{BCF6B3D0-3C4F-43FC-94BE-AE977C5810A5}.Release|Any CPU.Build.0 = Release|Any CPU
		{91294805-AFDC-48BD-ACF5-8935B8289231}.Debug|Any CPU.ActiveCfg = Debug|Any CPU
		{91294805-AFDC-48BD-ACF5-8935B8289231}.Debug|Any CPU.Build.0 = Debug|Any CPU
		{91294805-AFDC-48BD-ACF5-8935B8289231}.Release|Any CPU.ActiveCfg = Release|Any CPU
		{91294805-AFDC-48BD-ACF5-8935B8289231}.Release|Any CPU.Build.0 = Release|Any CPU
		{8519D2FD-0E12-4AC6-9443-B73E17DA3BBE}.Debug|Any CPU.ActiveCfg = Debug|Any CPU
		{8519D2FD-0E12-4AC6-9443-B73E17DA3BBE}.Debug|Any CPU.Build.0 = Debug|Any CPU
		{8519D2FD-0E12-4AC6-9443-B73E17DA3BBE}.Release|Any CPU.ActiveCfg = Release|Any CPU
		{8519D2FD-0E12-4AC6-9443-B73E17DA3BBE}.Release|Any CPU.Build.0 = Release|Any CPU
		{C4160734-9B5F-4333-8F1F-AAE4E64E04A6}.Debug|Any CPU.ActiveCfg = Debug|Any CPU
		{C4160734-9B5F-4333-8F1F-AAE4E64E04A6}.Debug|Any CPU.Build.0 = Debug|Any CPU
		{C4160734-9B5F-4333-8F1F-AAE4E64E04A6}.Release|Any CPU.ActiveCfg = Release|Any CPU
		{C4160734-9B5F-4333-8F1F-AAE4E64E04A6}.Release|Any CPU.Build.0 = Release|Any CPU
		{C62634E2-4A06-487D-BF13-26E314DEEE30}.Debug|Any CPU.ActiveCfg = Debug|Any CPU
		{C62634E2-4A06-487D-BF13-26E314DEEE30}.Debug|Any CPU.Build.0 = Debug|Any CPU
		{C62634E2-4A06-487D-BF13-26E314DEEE30}.Release|Any CPU.ActiveCfg = Release|Any CPU
		{C62634E2-4A06-487D-BF13-26E314DEEE30}.Release|Any CPU.Build.0 = Release|Any CPU
		{26C29315-6171-4AE4-B573-CEEBABDB6A49}.Debug|Any CPU.ActiveCfg = Debug|Any CPU
		{26C29315-6171-4AE4-B573-CEEBABDB6A49}.Debug|Any CPU.Build.0 = Debug|Any CPU
		{26C29315-6171-4AE4-B573-CEEBABDB6A49}.Release|Any CPU.ActiveCfg = Release|Any CPU
		{26C29315-6171-4AE4-B573-CEEBABDB6A49}.Release|Any CPU.Build.0 = Release|Any CPU
		{3D5787EA-71BD-47F6-99AD-584A51B10CFF}.Debug|Any CPU.ActiveCfg = Debug|Any CPU
		{3D5787EA-71BD-47F6-99AD-584A51B10CFF}.Debug|Any CPU.Build.0 = Debug|Any CPU
		{3D5787EA-71BD-47F6-99AD-584A51B10CFF}.Release|Any CPU.ActiveCfg = Release|Any CPU
		{3D5787EA-71BD-47F6-99AD-584A51B10CFF}.Release|Any CPU.Build.0 = Release|Any CPU
		{D6E20907-4320-4380-AE68-C7621C5C76F6}.Debug|Any CPU.ActiveCfg = Debug|Any CPU
		{D6E20907-4320-4380-AE68-C7621C5C76F6}.Debug|Any CPU.Build.0 = Debug|Any CPU
		{D6E20907-4320-4380-AE68-C7621C5C76F6}.Release|Any CPU.ActiveCfg = Release|Any CPU
		{D6E20907-4320-4380-AE68-C7621C5C76F6}.Release|Any CPU.Build.0 = Release|Any CPU
		{7BB2B1B3-0A05-4B7F-94B4-E5FD15D55C9D}.Debug|Any CPU.ActiveCfg = Debug|Any CPU
		{7BB2B1B3-0A05-4B7F-94B4-E5FD15D55C9D}.Debug|Any CPU.Build.0 = Debug|Any CPU
		{7BB2B1B3-0A05-4B7F-94B4-E5FD15D55C9D}.Release|Any CPU.ActiveCfg = Release|Any CPU
		{7BB2B1B3-0A05-4B7F-94B4-E5FD15D55C9D}.Release|Any CPU.Build.0 = Release|Any CPU
		{8EC381B1-B929-437F-9C73-3F45494DCA5A}.Debug|Any CPU.ActiveCfg = Debug|Any CPU
		{8EC381B1-B929-437F-9C73-3F45494DCA5A}.Debug|Any CPU.Build.0 = Debug|Any CPU
		{8EC381B1-B929-437F-9C73-3F45494DCA5A}.Release|Any CPU.ActiveCfg = Release|Any CPU
		{8EC381B1-B929-437F-9C73-3F45494DCA5A}.Release|Any CPU.Build.0 = Release|Any CPU
		{CF5EB1E0-A285-4C69-9177-93AF8441D435}.Debug|Any CPU.ActiveCfg = Debug|Any CPU
		{CF5EB1E0-A285-4C69-9177-93AF8441D435}.Debug|Any CPU.Build.0 = Debug|Any CPU
		{CF5EB1E0-A285-4C69-9177-93AF8441D435}.Release|Any CPU.ActiveCfg = Release|Any CPU
		{CF5EB1E0-A285-4C69-9177-93AF8441D435}.Release|Any CPU.Build.0 = Release|Any CPU
	EndGlobalSection
	GlobalSection(SolutionProperties) = preSolution
		HideSolutionNode = FALSE
	EndGlobalSection
	GlobalSection(NestedProjects) = preSolution
		{2F9586E8-97FE-4409-B165-C44EF9C62663} = {112D2745-C798-41C1-B617-70E89860A2EE}
		{5961EB73-5685-4836-A2A7-D6544219F25B} = {112D2745-C798-41C1-B617-70E89860A2EE}
		{43AAFBA2-4871-4405-A006-E965F3079BC1} = {112D2745-C798-41C1-B617-70E89860A2EE}
		{0D522845-CE16-4AFD-86FD-D2F084886146} = {112D2745-C798-41C1-B617-70E89860A2EE}
		{8E8B931E-87DC-485A-9364-679763E19904} = {9956A51F-89FE-484F-ABE4-F0B0874CDF72}
		{83721235-9C23-49D6-9B60-0CDF3EE50905} = {9956A51F-89FE-484F-ABE4-F0B0874CDF72}
		{945C392F-1EA9-4CD6-8471-11D9BC92F710} = {9956A51F-89FE-484F-ABE4-F0B0874CDF72}
		{63968A23-2E2B-41CC-8188-06C446C5B802} = {9956A51F-89FE-484F-ABE4-F0B0874CDF72}
		{BCF6B3D0-3C4F-43FC-94BE-AE977C5810A5} = {9956A51F-89FE-484F-ABE4-F0B0874CDF72}
		{91294805-AFDC-48BD-ACF5-8935B8289231} = {3C3FEE21-4053-46A1-9C9F-2EC0EA8B8478}
		{8519D2FD-0E12-4AC6-9443-B73E17DA3BBE} = {3C3FEE21-4053-46A1-9C9F-2EC0EA8B8478}
		{C4160734-9B5F-4333-8F1F-AAE4E64E04A6} = {3C3FEE21-4053-46A1-9C9F-2EC0EA8B8478}
		{C62634E2-4A06-487D-BF13-26E314DEEE30} = {FC89B983-4B40-47C2-888D-9D0505CC84DB}
		{26C29315-6171-4AE4-B573-CEEBABDB6A49} = {FC89B983-4B40-47C2-888D-9D0505CC84DB}
		{3D5787EA-71BD-47F6-99AD-584A51B10CFF} = {FC89B983-4B40-47C2-888D-9D0505CC84DB}
		{D6E20907-4320-4380-AE68-C7621C5C76F6} = {1FDA8386-1922-484A-9EFB-E434F2E70B67}
		{7BB2B1B3-0A05-4B7F-94B4-E5FD15D55C9D} = {1FDA8386-1922-484A-9EFB-E434F2E70B67}
		{8EC381B1-B929-437F-9C73-3F45494DCA5A} = {1FDA8386-1922-484A-9EFB-E434F2E70B67}
		{CF5EB1E0-A285-4C69-9177-93AF8441D435} = {1FDA8386-1922-484A-9EFB-E434F2E70B67}
	EndGlobalSection
	GlobalSection(ExtensibilityGlobals) = postSolution
		SolutionGuid = {CF865394-7F67-4227-AD1D-723AD2BF0B91}
	EndGlobalSection
EndGlobal
